
Microsoft Visual Studio Solution File, Format Version 12.00
# Visual Studio Version 16
VisualStudioVersion = 16.0.31702.278
MinimumVisualStudioVersion = 10.0.40219.1
Project("{FAE04EC0-301F-11D3-BF4B-00C04F79EFBC}") = "Task_16_7_1", "Task_16_7_1\Task_16_7_1.csproj", "{FEE2843F-A4BE-4E0C-B2F5-A3F8BA5956BB}"
EndProject
Project("{FAE04EC0-301F-11D3-BF4B-00C04F79EFBC}") = "Task16_7_1.Test", "Task16_7_1.Test\Task16_7_1.Test.csproj", "{EA233DB9-4C19-47D6-BEDE-8D384CEC1DC9}"
EndProject
Global
	GlobalSection(SolutionConfigurationPlatforms) = preSolution
		Debug|Any CPU = Debug|Any CPU
		Release|Any CPU = Release|Any CPU
	EndGlobalSection
	GlobalSection(ProjectConfigurationPlatforms) = postSolution
		{FEE2843F-A4BE-4E0C-B2F5-A3F8BA5956BB}.Debug|Any CPU.ActiveCfg = Debug|Any CPU
		{FEE2843F-A4BE-4E0C-B2F5-A3F8BA5956BB}.Debug|Any CPU.Build.0 = Debug|Any CPU
		{FEE2843F-A4BE-4E0C-B2F5-A3F8BA5956BB}.Release|Any CPU.ActiveCfg = Release|Any CPU
		{FEE2843F-A4BE-4E0C-B2F5-A3F8BA5956BB}.Release|Any CPU.Build.0 = Release|Any CPU
		{EA233DB9-4C19-47D6-BEDE-8D384CEC1DC9}.Debug|Any CPU.ActiveCfg = Debug|Any CPU
		{EA233DB9-4C19-47D6-BEDE-8D384CEC1DC9}.Debug|Any CPU.Build.0 = Debug|Any CPU
		{EA233DB9-4C19-47D6-BEDE-8D384CEC1DC9}.Release|Any CPU.ActiveCfg = Release|Any CPU
		{EA233DB9-4C19-47D6-BEDE-8D384CEC1DC9}.Release|Any CPU.Build.0 = Release|Any CPU
	EndGlobalSection
	GlobalSection(SolutionProperties) = preSolution
		HideSolutionNode = FALSE
	EndGlobalSection
	GlobalSection(ExtensibilityGlobals) = postSolution
		SolutionGuid = {A5FB4184-C299-4C62-9368-DF19EEF6B6C2}
	EndGlobalSection
EndGlobal
